# This file is automatically @generated by Cargo.
# It is not intended for manual editing.
version = 4

[[package]]
name = "import_wiffles"
version = "0.1.0"
dependencies = [
 "wiffles",
]

[[package]]
name = "wiffles"
version = "0.0.1"
source = "git+https://github.com/richardforth/wiffles?branch=main#2579ece30b17969c7cbb47744aa7972a3427845b"
