# This file is automatically @generated by Cargo.
# It is not intended for manual editing.
version = 4

[[package]]
name = "import_wiffles"
version = "0.1.0"
dependencies = [
 "wiffles",
]

[[package]]
name = "wiffles"
version = "0.0.3"
source = "git+https://github.com/richardforth/wiffles?branch=main#b072fbd3a0e1603f6cb7f59027ed3896bebb6039"
